
Microsoft Visual Studio Solution File, Format Version 12.00
# Visual Studio Version 17
VisualStudioVersion = 17.0.31903.59
MinimumVisualStudioVersion = 10.0.40219.1
Project("{2150E333-8FDC-42A3-9474-1A3956D46DE8}") = "src", "src", "{827E0CD3-B72D-47B6-A68D-7590B98EB39B}"
EndProject
Project("{2150E333-8FDC-42A3-9474-1A3956D46DE8}") = "Services", "Services", "{984BB9B3-3FA3-BE33-9484-CAC21695A33C}"
EndProject
Project("{2150E333-8FDC-42A3-9474-1A3956D46DE8}") = "Users", "Users", "{E19C77F4-0114-A26A-3F6E-A6CDC9D84385}"
EndProject
Project("{FAE04EC0-301F-11D3-BF4B-00C04F79EFBC}") = "Users.Api", "src\Services\Users\Users.Api\Users.Api.csproj", "{10B7FA34-6399-4DA9-B1F3-13701F34D00E}"
EndProject
Project("{FAE04EC0-301F-11D3-BF4B-00C04F79EFBC}") = "Users.Application", "src\Services\Users\Users.Application\Users.Application.csproj", "{A89F5383-2542-43B9-8303-9B11D4B2D3D2}"
EndProject
Project("{FAE04EC0-301F-11D3-BF4B-00C04F79EFBC}") = "Users.Domain", "src\Services\Users\Users.Domain\Users.Domain.csproj", "{893EE8C5-3EE5-42E1-A7FE-9ABF2024F2AA}"
EndProject
Project("{FAE04EC0-301F-11D3-BF4B-00C04F79EFBC}") = "Users.DAL.EF", "src\Services\Users\Users.DAL.EF\Users.DAL.EF.csproj", "{10EC89F4-86F6-4AB1-82D0-69758D81BF26}"
EndProject
Project("{2150E333-8FDC-42A3-9474-1A3956D46DE8}") = "Tests", "Tests", "{CEA09484-30F6-4D44-02F6-822E06DBC57C}"
EndProject
Project("{2150E333-8FDC-42A3-9474-1A3956D46DE8}") = "Users", "Users", "{C048E760-AC70-3D60-826E-3BEEA449C4B2}"
EndProject
Project("{FAE04EC0-301F-11D3-BF4B-00C04F79EFBC}") = "UsersUnitTests", "src\Tests\Users\UsersUnitTests\UsersUnitTests.csproj", "{A5053756-4A58-4FAF-820B-74EED101E51A}"
EndProject
Project("{2150E333-8FDC-42A3-9474-1A3956D46DE8}") = "Auth", "Auth", "{473EF3C4-73FA-6715-AA3C-7C7929374EED}"
EndProject
Project("{FAE04EC0-301F-11D3-BF4B-00C04F79EFBC}") = "Auth.Api", "src\Services\Auth\Auth.Api\Auth.Api.csproj", "{38AF1158-918A-48E9-9EEE-B51D43BD8A0F}"
EndProject
Project("{FAE04EC0-301F-11D3-BF4B-00C04F79EFBC}") = "Auth.Application", "src\Services\Auth\Auth.Application\Auth.Application.csproj", "{6E235000-D2CA-4868-8E2D-B2167F98A5B9}"
EndProject
Project("{FAE04EC0-301F-11D3-BF4B-00C04F79EFBC}") = "Auth.Domain", "src\Services\Auth\Auth.Domain\Auth.Domain.csproj", "{C40FA81A-822A-482A-8E2A-0AAA7CADBA16}"
EndProject
Global
	GlobalSection(SolutionConfigurationPlatforms) = preSolution
		Debug|Any CPU = Debug|Any CPU
		Debug|x64 = Debug|x64
		Debug|x86 = Debug|x86
		Release|Any CPU = Release|Any CPU
		Release|x64 = Release|x64
		Release|x86 = Release|x86
	EndGlobalSection
	GlobalSection(ProjectConfigurationPlatforms) = postSolution
		{10B7FA34-6399-4DA9-B1F3-13701F34D00E}.Debug|Any CPU.ActiveCfg = Debug|Any CPU
		{10B7FA34-6399-4DA9-B1F3-13701F34D00E}.Debug|Any CPU.Build.0 = Debug|Any CPU
		{10B7FA34-6399-4DA9-B1F3-13701F34D00E}.Debug|x64.ActiveCfg = Debug|Any CPU
		{10B7FA34-6399-4DA9-B1F3-13701F34D00E}.Debug|x64.Build.0 = Debug|Any CPU
		{10B7FA34-6399-4DA9-B1F3-13701F34D00E}.Debug|x86.ActiveCfg = Debug|Any CPU
		{10B7FA34-6399-4DA9-B1F3-13701F34D00E}.Debug|x86.Build.0 = Debug|Any CPU
		{10B7FA34-6399-4DA9-B1F3-13701F34D00E}.Release|Any CPU.ActiveCfg = Release|Any CPU
		{10B7FA34-6399-4DA9-B1F3-13701F34D00E}.Release|Any CPU.Build.0 = Release|Any CPU
		{10B7FA34-6399-4DA9-B1F3-13701F34D00E}.Release|x64.ActiveCfg = Release|Any CPU
		{10B7FA34-6399-4DA9-B1F3-13701F34D00E}.Release|x64.Build.0 = Release|Any CPU
		{10B7FA34-6399-4DA9-B1F3-13701F34D00E}.Release|x86.ActiveCfg = Release|Any CPU
		{10B7FA34-6399-4DA9-B1F3-13701F34D00E}.Release|x86.Build.0 = Release|Any CPU
		{A89F5383-2542-43B9-8303-9B11D4B2D3D2}.Debug|Any CPU.ActiveCfg = Debug|Any CPU
		{A89F5383-2542-43B9-8303-9B11D4B2D3D2}.Debug|Any CPU.Build.0 = Debug|Any CPU
		{A89F5383-2542-43B9-8303-9B11D4B2D3D2}.Debug|x64.ActiveCfg = Debug|Any CPU
		{A89F5383-2542-43B9-8303-9B11D4B2D3D2}.Debug|x64.Build.0 = Debug|Any CPU
		{A89F5383-2542-43B9-8303-9B11D4B2D3D2}.Debug|x86.ActiveCfg = Debug|Any CPU
		{A89F5383-2542-43B9-8303-9B11D4B2D3D2}.Debug|x86.Build.0 = Debug|Any CPU
		{A89F5383-2542-43B9-8303-9B11D4B2D3D2}.Release|Any CPU.ActiveCfg = Release|Any CPU
		{A89F5383-2542-43B9-8303-9B11D4B2D3D2}.Release|Any CPU.Build.0 = Release|Any CPU
		{A89F5383-2542-43B9-8303-9B11D4B2D3D2}.Release|x64.ActiveCfg = Release|Any CPU
		{A89F5383-2542-43B9-8303-9B11D4B2D3D2}.Release|x64.Build.0 = Release|Any CPU
		{A89F5383-2542-43B9-8303-9B11D4B2D3D2}.Release|x86.ActiveCfg = Release|Any CPU
		{A89F5383-2542-43B9-8303-9B11D4B2D3D2}.Release|x86.Build.0 = Release|Any CPU
		{893EE8C5-3EE5-42E1-A7FE-9ABF2024F2AA}.Debug|Any CPU.ActiveCfg = Debug|Any CPU
		{893EE8C5-3EE5-42E1-A7FE-9ABF2024F2AA}.Debug|Any CPU.Build.0 = Debug|Any CPU
		{893EE8C5-3EE5-42E1-A7FE-9ABF2024F2AA}.Debug|x64.ActiveCfg = Debug|Any CPU
		{893EE8C5-3EE5-42E1-A7FE-9ABF2024F2AA}.Debug|x64.Build.0 = Debug|Any CPU
		{893EE8C5-3EE5-42E1-A7FE-9ABF2024F2AA}.Debug|x86.ActiveCfg = Debug|Any CPU
		{893EE8C5-3EE5-42E1-A7FE-9ABF2024F2AA}.Debug|x86.Build.0 = Debug|Any CPU
		{893EE8C5-3EE5-42E1-A7FE-9ABF2024F2AA}.Release|Any CPU.ActiveCfg = Release|Any CPU
		{893EE8C5-3EE5-42E1-A7FE-9ABF2024F2AA}.Release|Any CPU.Build.0 = Release|Any CPU
		{893EE8C5-3EE5-42E1-A7FE-9ABF2024F2AA}.Release|x64.ActiveCfg = Release|Any CPU
		{893EE8C5-3EE5-42E1-A7FE-9ABF2024F2AA}.Release|x64.Build.0 = Release|Any CPU
		{893EE8C5-3EE5-42E1-A7FE-9ABF2024F2AA}.Release|x86.ActiveCfg = Release|Any CPU
		{893EE8C5-3EE5-42E1-A7FE-9ABF2024F2AA}.Release|x86.Build.0 = Release|Any CPU
		{10EC89F4-86F6-4AB1-82D0-69758D81BF26}.Debug|Any CPU.ActiveCfg = Debug|Any CPU
		{10EC89F4-86F6-4AB1-82D0-69758D81BF26}.Debug|Any CPU.Build.0 = Debug|Any CPU
		{10EC89F4-86F6-4AB1-82D0-69758D81BF26}.Debug|x64.ActiveCfg = Debug|Any CPU
		{10EC89F4-86F6-4AB1-82D0-69758D81BF26}.Debug|x64.Build.0 = Debug|Any CPU
		{10EC89F4-86F6-4AB1-82D0-69758D81BF26}.Debug|x86.ActiveCfg = Debug|Any CPU
		{10EC89F4-86F6-4AB1-82D0-69758D81BF26}.Debug|x86.Build.0 = Debug|Any CPU
		{10EC89F4-86F6-4AB1-82D0-69758D81BF26}.Release|Any CPU.ActiveCfg = Release|Any CPU
		{10EC89F4-86F6-4AB1-82D0-69758D81BF26}.Release|Any CPU.Build.0 = Release|Any CPU
		{10EC89F4-86F6-4AB1-82D0-69758D81BF26}.Release|x64.ActiveCfg = Release|Any CPU
		{10EC89F4-86F6-4AB1-82D0-69758D81BF26}.Release|x64.Build.0 = Release|Any CPU
		{10EC89F4-86F6-4AB1-82D0-69758D81BF26}.Release|x86.ActiveCfg = Release|Any CPU
		{10EC89F4-86F6-4AB1-82D0-69758D81BF26}.Release|x86.Build.0 = Release|Any CPU
		{A5053756-4A58-4FAF-820B-74EED101E51A}.Debug|Any CPU.ActiveCfg = Debug|Any CPU
		{A5053756-4A58-4FAF-820B-74EED101E51A}.Debug|Any CPU.Build.0 = Debug|Any CPU
		{A5053756-4A58-4FAF-820B-74EED101E51A}.Debug|x64.ActiveCfg = Debug|Any CPU
		{A5053756-4A58-4FAF-820B-74EED101E51A}.Debug|x64.Build.0 = Debug|Any CPU
		{A5053756-4A58-4FAF-820B-74EED101E51A}.Debug|x86.ActiveCfg = Debug|Any CPU
		{A5053756-4A58-4FAF-820B-74EED101E51A}.Debug|x86.Build.0 = Debug|Any CPU
		{A5053756-4A58-4FAF-820B-74EED101E51A}.Release|Any CPU.ActiveCfg = Release|Any CPU
		{A5053756-4A58-4FAF-820B-74EED101E51A}.Release|Any CPU.Build.0 = Release|Any CPU
		{A5053756-4A58-4FAF-820B-74EED101E51A}.Release|x64.ActiveCfg = Release|Any CPU
		{A5053756-4A58-4FAF-820B-74EED101E51A}.Release|x64.Build.0 = Release|Any CPU
		{A5053756-4A58-4FAF-820B-74EED101E51A}.Release|x86.ActiveCfg = Release|Any CPU
		{A5053756-4A58-4FAF-820B-74EED101E51A}.Release|x86.Build.0 = Release|Any CPU
		{38AF1158-918A-48E9-9EEE-B51D43BD8A0F}.Debug|Any CPU.ActiveCfg = Debug|Any CPU
		{38AF1158-918A-48E9-9EEE-B51D43BD8A0F}.Debug|Any CPU.Build.0 = Debug|Any CPU
		{38AF1158-918A-48E9-9EEE-B51D43BD8A0F}.Debug|x64.ActiveCfg = Debug|Any CPU
		{38AF1158-918A-48E9-9EEE-B51D43BD8A0F}.Debug|x64.Build.0 = Debug|Any CPU
		{38AF1158-918A-48E9-9EEE-B51D43BD8A0F}.Debug|x86.ActiveCfg = Debug|Any CPU
		{38AF1158-918A-48E9-9EEE-B51D43BD8A0F}.Debug|x86.Build.0 = Debug|Any CPU
		{38AF1158-918A-48E9-9EEE-B51D43BD8A0F}.Release|Any CPU.ActiveCfg = Release|Any CPU
		{38AF1158-918A-48E9-9EEE-B51D43BD8A0F}.Release|Any CPU.Build.0 = Release|Any CPU
		{38AF1158-918A-48E9-9EEE-B51D43BD8A0F}.Release|x64.ActiveCfg = Release|Any CPU
		{38AF1158-918A-48E9-9EEE-B51D43BD8A0F}.Release|x64.Build.0 = Release|Any CPU
		{38AF1158-918A-48E9-9EEE-B51D43BD8A0F}.Release|x86.ActiveCfg = Release|Any CPU
		{38AF1158-918A-48E9-9EEE-B51D43BD8A0F}.Release|x86.Build.0 = Release|Any CPU
		{6E235000-D2CA-4868-8E2D-B2167F98A5B9}.Debug|Any CPU.ActiveCfg = Debug|Any CPU
		{6E235000-D2CA-4868-8E2D-B2167F98A5B9}.Debug|Any CPU.Build.0 = Debug|Any CPU
		{6E235000-D2CA-4868-8E2D-B2167F98A5B9}.Debug|x64.ActiveCfg = Debug|Any CPU
		{6E235000-D2CA-4868-8E2D-B2167F98A5B9}.Debug|x64.Build.0 = Debug|Any CPU
		{6E235000-D2CA-4868-8E2D-B2167F98A5B9}.Debug|x86.ActiveCfg = Debug|Any CPU
		{6E235000-D2CA-4868-8E2D-B2167F98A5B9}.Debug|x86.Build.0 = Debug|Any CPU
		{6E235000-D2CA-4868-8E2D-B2167F98A5B9}.Release|Any CPU.ActiveCfg = Release|Any CPU
		{6E235000-D2CA-4868-8E2D-B2167F98A5B9}.Release|Any CPU.Build.0 = Release|Any CPU
		{6E235000-D2CA-4868-8E2D-B2167F98A5B9}.Release|x64.ActiveCfg = Release|Any CPU
		{6E235000-D2CA-4868-8E2D-B2167F98A5B9}.Release|x64.Build.0 = Release|Any CPU
		{6E235000-D2CA-4868-8E2D-B2167F98A5B9}.Release|x86.ActiveCfg = Release|Any CPU
		{6E235000-D2CA-4868-8E2D-B2167F98A5B9}.Release|x86.Build.0 = Release|Any CPU
		{C40FA81A-822A-482A-8E2A-0AAA7CADBA16}.Debug|Any CPU.ActiveCfg = Debug|Any CPU
		{C40FA81A-822A-482A-8E2A-0AAA7CADBA16}.Debug|Any CPU.Build.0 = Debug|Any CPU
		{C40FA81A-822A-482A-8E2A-0AAA7CADBA16}.Debug|x64.ActiveCfg = Debug|Any CPU
		{C40FA81A-822A-482A-8E2A-0AAA7CADBA16}.Debug|x64.Build.0 = Debug|Any CPU
		{C40FA81A-822A-482A-8E2A-0AAA7CADBA16}.Debug|x86.ActiveCfg = Debug|Any CPU
		{C40FA81A-822A-482A-8E2A-0AAA7CADBA16}.Debug|x86.Build.0 = Debug|Any CPU
		{C40FA81A-822A-482A-8E2A-0AAA7CADBA16}.Release|Any CPU.ActiveCfg = Release|Any CPU
		{C40FA81A-822A-482A-8E2A-0AAA7CADBA16}.Release|Any CPU.Build.0 = Release|Any CPU
		{C40FA81A-822A-482A-8E2A-0AAA7CADBA16}.Release|x64.ActiveCfg = Release|Any CPU
		{C40FA81A-822A-482A-8E2A-0AAA7CADBA16}.Release|x64.Build.0 = Release|Any CPU
		{C40FA81A-822A-482A-8E2A-0AAA7CADBA16}.Release|x86.ActiveCfg = Release|Any CPU
		{C40FA81A-822A-482A-8E2A-0AAA7CADBA16}.Release|x86.Build.0 = Release|Any CPU
	EndGlobalSection
	GlobalSection(SolutionProperties) = preSolution
		HideSolutionNode = FALSE
	EndGlobalSection
	GlobalSection(NestedProjects) = preSolution
		{984BB9B3-3FA3-BE33-9484-CAC21695A33C} = {827E0CD3-B72D-47B6-A68D-7590B98EB39B}
		{E19C77F4-0114-A26A-3F6E-A6CDC9D84385} = {984BB9B3-3FA3-BE33-9484-CAC21695A33C}
		{10B7FA34-6399-4DA9-B1F3-13701F34D00E} = {E19C77F4-0114-A26A-3F6E-A6CDC9D84385}
		{473EF3C4-73FA-6715-AA3C-7C7929374EED} = {984BB9B3-3FA3-BE33-9484-CAC21695A33C}
		{38AF1158-918A-48E9-9EEE-B51D43BD8A0F} = {473EF3C4-73FA-6715-AA3C-7C7929374EED}
		{6E235000-D2CA-4868-8E2D-B2167F98A5B9} = {473EF3C4-73FA-6715-AA3C-7C7929374EED}
		{C40FA81A-822A-482A-8E2A-0AAA7CADBA16} = {473EF3C4-73FA-6715-AA3C-7C7929374EED}
	EndGlobalSection
EndGlobal
