
Microsoft Visual Studio Solution File, Format Version 12.00
# Visual Studio Version 17
VisualStudioVersion = 17.0.31903.59
MinimumVisualStudioVersion = 10.0.40219.1
Project("{2150E333-8FDC-42A3-9474-1A3956D46DE8}") = "src", "src", "{827E0CD3-B72D-47B6-A68D-7590B98EB39B}"
EndProject
Project("{2150E333-8FDC-42A3-9474-1A3956D46DE8}") = "Services", "Services", "{984BB9B3-3FA3-BE33-9484-CAC21695A33C}"
EndProject
Project("{2150E333-8FDC-42A3-9474-1A3956D46DE8}") = "Users", "Users", "{E19C77F4-0114-A26A-3F6E-A6CDC9D84385}"
EndProject
Project("{FAE04EC0-301F-11D3-BF4B-00C04F79EFBC}") = "Users.Api", "src\Services\Users\Users.Api\Users.Api.csproj", "{10B7FA34-6399-4DA9-B1F3-13701F34D00E}"
EndProject
Project("{FAE04EC0-301F-11D3-BF4B-00C04F79EFBC}") = "Users.Application", "src\Services\Users\Users.Application\Users.Application.csproj", "{A89F5383-2542-43B9-8303-9B11D4B2D3D2}"
EndProject
Project("{FAE04EC0-301F-11D3-BF4B-00C04F79EFBC}") = "Users.Domain", "src\Services\Users\Users.Domain\Users.Domain.csproj", "{893EE8C5-3EE5-42E1-A7FE-9ABF2024F2AA}"
EndProject
Project("{FAE04EC0-301F-11D3-BF4B-00C04F79EFBC}") = "Users.DAL.EF", "src\Services\Users\Users.DAL.EF\Users.DAL.EF.csproj", "{10EC89F4-86F6-4AB1-82D0-69758D81BF26}"
EndProject
Project("{2150E333-8FDC-42A3-9474-1A3956D46DE8}") = "Tests", "Tests", "{CEA09484-30F6-4D44-02F6-822E06DBC57C}"
EndProject
Project("{2150E333-8FDC-42A3-9474-1A3956D46DE8}") = "Users", "Users", "{C048E760-AC70-3D60-826E-3BEEA449C4B2}"
EndProject
Project("{FAE04EC0-301F-11D3-BF4B-00C04F79EFBC}") = "UsersServiceUnitTests", "src\Tests\Users\UsersServiceUnitTests\UsersServiceUnitTests.csproj", "{A5053756-4A58-4FAF-820B-74EED101E51A}"
EndProject
Project("{2150E333-8FDC-42A3-9474-1A3956D46DE8}") = "Auth", "Auth", "{473EF3C4-73FA-6715-AA3C-7C7929374EED}"
EndProject
Project("{FAE04EC0-301F-11D3-BF4B-00C04F79EFBC}") = "Auth.Api", "src\Services\Auth\Auth.Api\Auth.Api.csproj", "{38AF1158-918A-48E9-9EEE-B51D43BD8A0F}"
EndProject
Project("{FAE04EC0-301F-11D3-BF4B-00C04F79EFBC}") = "Auth.Application", "src\Services\Auth\Auth.Application\Auth.Application.csproj", "{6E235000-D2CA-4868-8E2D-B2167F98A5B9}"
EndProject
Project("{FAE04EC0-301F-11D3-BF4B-00C04F79EFBC}") = "Auth.Domain", "src\Services\Auth\Auth.Domain\Auth.Domain.csproj", "{C40FA81A-822A-482A-8E2A-0AAA7CADBA16}"
EndProject
Project("{2150E333-8FDC-42A3-9474-1A3956D46DE8}") = "Tests", "Tests", "{5DF787EC-22C7-498A-867E-9EAB65DBAA44}"
EndProject
Project("{2150E333-8FDC-42A3-9474-1A3956D46DE8}") = "Auth", "Auth", "{999BD973-5FAD-8440-9309-B222C27D99D8}"
EndProject
Project("{FAE04EC0-301F-11D3-BF4B-00C04F79EFBC}") = "JwtAuthServiceUnitTests", "src\Tests\Auth\JwtAuthServiceUnitTests\JwtAuthServiceUnitTests.csproj", "{3B81D0EF-F3BC-4221-92B0-C7AE4F296C8D}"
EndProject
Project("{FAE04EC0-301F-11D3-BF4B-00C04F79EFBC}") = "Users.GrpcService", "src\Services\Users\Users.GrpcService\Users.GrpcService.csproj", "{84148335-C2C4-40BE-AA2A-581C2146E9C2}"
EndProject
Project("{FAE04EC0-301F-11D3-BF4B-00C04F79EFBC}") = "Auth.Infrastructure.Users", "src\Services\Auth\Auth.Infrastructure.Users\Auth.Infrastructure.Users.csproj", "{36FD1508-D50F-40B5-986D-C189F31F3D88}"
EndProject
Project("{2150E333-8FDC-42A3-9474-1A3956D46DE8}") = "Workouts", "Workouts", "{7EDBFA35-7749-6C55-CDEA-A4C794162D30}"
EndProject
Project("{FAE04EC0-301F-11D3-BF4B-00C04F79EFBC}") = "Workouts.Api", "src\Services\Workouts\Workouts.Api\Workouts.Api.csproj", "{B7F9CAFE-2E2E-4049-BEE8-42F836466E2B}"
EndProject
Project("{FAE04EC0-301F-11D3-BF4B-00C04F79EFBC}") = "Workouts.Application", "src\Services\Workouts\Workouts.Application\Workouts.Application.csproj", "{B0AB14AD-A91D-43F6-A781-68359DE5BB25}"
EndProject
Project("{FAE04EC0-301F-11D3-BF4B-00C04F79EFBC}") = "Workouts.Domain", "src\Services\Workouts\Workouts.Domain\Workouts.Domain.csproj", "{843F37F2-701D-4E5E-AF31-E70CA457E26D}"
EndProject
Project("{FAE04EC0-301F-11D3-BF4B-00C04F79EFBC}") = "Workouts.DAL.EF", "src\Services\Workouts\Workouts.DAL.EF\Workouts.DAL.EF.csproj", "{D4155DFB-F2C0-4884-805D-BDF93044A99F}"
EndProject
Project("{2150E333-8FDC-42A3-9474-1A3956D46DE8}") = "Workouts", "Workouts", "{56CA4A40-DB8D-8551-1A79-F8C91A885F43}"
EndProject
Project("{FAE04EC0-301F-11D3-BF4B-00C04F79EFBC}") = "WorkoutsServiceUnitTests", "src\Tests\Workouts\WorkoutsServiceUnitTests\WorkoutsServiceUnitTests.csproj", "{AC49593A-5CF6-46BD-9877-D59173B75F8E}"
EndProject
Project("{FAE04EC0-301F-11D3-BF4B-00C04F79EFBC}") = "ExerciseServiceUnitTests", "src\Tests\Workouts\ExerciseServiceUnitTests\ExerciseServiceUnitTests.csproj", "{A4DD152A-5E19-4410-A52D-ACA5FE996694}"
EndProject
Global
	GlobalSection(SolutionConfigurationPlatforms) = preSolution
		Debug|Any CPU = Debug|Any CPU
		Debug|x64 = Debug|x64
		Debug|x86 = Debug|x86
		Release|Any CPU = Release|Any CPU
		Release|x64 = Release|x64
		Release|x86 = Release|x86
	EndGlobalSection
	GlobalSection(ProjectConfigurationPlatforms) = postSolution
		{10B7FA34-6399-4DA9-B1F3-13701F34D00E}.Debug|Any CPU.ActiveCfg = Debug|Any CPU
		{10B7FA34-6399-4DA9-B1F3-13701F34D00E}.Debug|Any CPU.Build.0 = Debug|Any CPU
		{10B7FA34-6399-4DA9-B1F3-13701F34D00E}.Debug|x64.ActiveCfg = Debug|Any CPU
		{10B7FA34-6399-4DA9-B1F3-13701F34D00E}.Debug|x64.Build.0 = Debug|Any CPU
		{10B7FA34-6399-4DA9-B1F3-13701F34D00E}.Debug|x86.ActiveCfg = Debug|Any CPU
		{10B7FA34-6399-4DA9-B1F3-13701F34D00E}.Debug|x86.Build.0 = Debug|Any CPU
		{10B7FA34-6399-4DA9-B1F3-13701F34D00E}.Release|Any CPU.ActiveCfg = Release|Any CPU
		{10B7FA34-6399-4DA9-B1F3-13701F34D00E}.Release|Any CPU.Build.0 = Release|Any CPU
		{10B7FA34-6399-4DA9-B1F3-13701F34D00E}.Release|x64.ActiveCfg = Release|Any CPU
		{10B7FA34-6399-4DA9-B1F3-13701F34D00E}.Release|x64.Build.0 = Release|Any CPU
		{10B7FA34-6399-4DA9-B1F3-13701F34D00E}.Release|x86.ActiveCfg = Release|Any CPU
		{10B7FA34-6399-4DA9-B1F3-13701F34D00E}.Release|x86.Build.0 = Release|Any CPU
		{A89F5383-2542-43B9-8303-9B11D4B2D3D2}.Debug|Any CPU.ActiveCfg = Debug|Any CPU
		{A89F5383-2542-43B9-8303-9B11D4B2D3D2}.Debug|Any CPU.Build.0 = Debug|Any CPU
		{A89F5383-2542-43B9-8303-9B11D4B2D3D2}.Debug|x64.ActiveCfg = Debug|Any CPU
		{A89F5383-2542-43B9-8303-9B11D4B2D3D2}.Debug|x64.Build.0 = Debug|Any CPU
		{A89F5383-2542-43B9-8303-9B11D4B2D3D2}.Debug|x86.ActiveCfg = Debug|Any CPU
		{A89F5383-2542-43B9-8303-9B11D4B2D3D2}.Debug|x86.Build.0 = Debug|Any CPU
		{A89F5383-2542-43B9-8303-9B11D4B2D3D2}.Release|Any CPU.ActiveCfg = Release|Any CPU
		{A89F5383-2542-43B9-8303-9B11D4B2D3D2}.Release|Any CPU.Build.0 = Release|Any CPU
		{A89F5383-2542-43B9-8303-9B11D4B2D3D2}.Release|x64.ActiveCfg = Release|Any CPU
		{A89F5383-2542-43B9-8303-9B11D4B2D3D2}.Release|x64.Build.0 = Release|Any CPU
		{A89F5383-2542-43B9-8303-9B11D4B2D3D2}.Release|x86.ActiveCfg = Release|Any CPU
		{A89F5383-2542-43B9-8303-9B11D4B2D3D2}.Release|x86.Build.0 = Release|Any CPU
		{893EE8C5-3EE5-42E1-A7FE-9ABF2024F2AA}.Debug|Any CPU.ActiveCfg = Debug|Any CPU
		{893EE8C5-3EE5-42E1-A7FE-9ABF2024F2AA}.Debug|Any CPU.Build.0 = Debug|Any CPU
		{893EE8C5-3EE5-42E1-A7FE-9ABF2024F2AA}.Debug|x64.ActiveCfg = Debug|Any CPU
		{893EE8C5-3EE5-42E1-A7FE-9ABF2024F2AA}.Debug|x64.Build.0 = Debug|Any CPU
		{893EE8C5-3EE5-42E1-A7FE-9ABF2024F2AA}.Debug|x86.ActiveCfg = Debug|Any CPU
		{893EE8C5-3EE5-42E1-A7FE-9ABF2024F2AA}.Debug|x86.Build.0 = Debug|Any CPU
		{893EE8C5-3EE5-42E1-A7FE-9ABF2024F2AA}.Release|Any CPU.ActiveCfg = Release|Any CPU
		{893EE8C5-3EE5-42E1-A7FE-9ABF2024F2AA}.Release|Any CPU.Build.0 = Release|Any CPU
		{893EE8C5-3EE5-42E1-A7FE-9ABF2024F2AA}.Release|x64.ActiveCfg = Release|Any CPU
		{893EE8C5-3EE5-42E1-A7FE-9ABF2024F2AA}.Release|x64.Build.0 = Release|Any CPU
		{893EE8C5-3EE5-42E1-A7FE-9ABF2024F2AA}.Release|x86.ActiveCfg = Release|Any CPU
		{893EE8C5-3EE5-42E1-A7FE-9ABF2024F2AA}.Release|x86.Build.0 = Release|Any CPU
		{10EC89F4-86F6-4AB1-82D0-69758D81BF26}.Debug|Any CPU.ActiveCfg = Debug|Any CPU
		{10EC89F4-86F6-4AB1-82D0-69758D81BF26}.Debug|Any CPU.Build.0 = Debug|Any CPU
		{10EC89F4-86F6-4AB1-82D0-69758D81BF26}.Debug|x64.ActiveCfg = Debug|Any CPU
		{10EC89F4-86F6-4AB1-82D0-69758D81BF26}.Debug|x64.Build.0 = Debug|Any CPU
		{10EC89F4-86F6-4AB1-82D0-69758D81BF26}.Debug|x86.ActiveCfg = Debug|Any CPU
		{10EC89F4-86F6-4AB1-82D0-69758D81BF26}.Debug|x86.Build.0 = Debug|Any CPU
		{10EC89F4-86F6-4AB1-82D0-69758D81BF26}.Release|Any CPU.ActiveCfg = Release|Any CPU
		{10EC89F4-86F6-4AB1-82D0-69758D81BF26}.Release|Any CPU.Build.0 = Release|Any CPU
		{10EC89F4-86F6-4AB1-82D0-69758D81BF26}.Release|x64.ActiveCfg = Release|Any CPU
		{10EC89F4-86F6-4AB1-82D0-69758D81BF26}.Release|x64.Build.0 = Release|Any CPU
		{10EC89F4-86F6-4AB1-82D0-69758D81BF26}.Release|x86.ActiveCfg = Release|Any CPU
		{10EC89F4-86F6-4AB1-82D0-69758D81BF26}.Release|x86.Build.0 = Release|Any CPU
		{A5053756-4A58-4FAF-820B-74EED101E51A}.Debug|Any CPU.ActiveCfg = Debug|Any CPU
		{A5053756-4A58-4FAF-820B-74EED101E51A}.Debug|Any CPU.Build.0 = Debug|Any CPU
		{A5053756-4A58-4FAF-820B-74EED101E51A}.Debug|x64.ActiveCfg = Debug|Any CPU
		{A5053756-4A58-4FAF-820B-74EED101E51A}.Debug|x64.Build.0 = Debug|Any CPU
		{A5053756-4A58-4FAF-820B-74EED101E51A}.Debug|x86.ActiveCfg = Debug|Any CPU
		{A5053756-4A58-4FAF-820B-74EED101E51A}.Debug|x86.Build.0 = Debug|Any CPU
		{A5053756-4A58-4FAF-820B-74EED101E51A}.Release|Any CPU.ActiveCfg = Release|Any CPU
		{A5053756-4A58-4FAF-820B-74EED101E51A}.Release|Any CPU.Build.0 = Release|Any CPU
		{A5053756-4A58-4FAF-820B-74EED101E51A}.Release|x64.ActiveCfg = Release|Any CPU
		{A5053756-4A58-4FAF-820B-74EED101E51A}.Release|x64.Build.0 = Release|Any CPU
		{A5053756-4A58-4FAF-820B-74EED101E51A}.Release|x86.ActiveCfg = Release|Any CPU
		{A5053756-4A58-4FAF-820B-74EED101E51A}.Release|x86.Build.0 = Release|Any CPU
		{38AF1158-918A-48E9-9EEE-B51D43BD8A0F}.Debug|Any CPU.ActiveCfg = Debug|Any CPU
		{38AF1158-918A-48E9-9EEE-B51D43BD8A0F}.Debug|Any CPU.Build.0 = Debug|Any CPU
		{38AF1158-918A-48E9-9EEE-B51D43BD8A0F}.Debug|x64.ActiveCfg = Debug|Any CPU
		{38AF1158-918A-48E9-9EEE-B51D43BD8A0F}.Debug|x64.Build.0 = Debug|Any CPU
		{38AF1158-918A-48E9-9EEE-B51D43BD8A0F}.Debug|x86.ActiveCfg = Debug|Any CPU
		{38AF1158-918A-48E9-9EEE-B51D43BD8A0F}.Debug|x86.Build.0 = Debug|Any CPU
		{38AF1158-918A-48E9-9EEE-B51D43BD8A0F}.Release|Any CPU.ActiveCfg = Release|Any CPU
		{38AF1158-918A-48E9-9EEE-B51D43BD8A0F}.Release|Any CPU.Build.0 = Release|Any CPU
		{38AF1158-918A-48E9-9EEE-B51D43BD8A0F}.Release|x64.ActiveCfg = Release|Any CPU
		{38AF1158-918A-48E9-9EEE-B51D43BD8A0F}.Release|x64.Build.0 = Release|Any CPU
		{38AF1158-918A-48E9-9EEE-B51D43BD8A0F}.Release|x86.ActiveCfg = Release|Any CPU
		{38AF1158-918A-48E9-9EEE-B51D43BD8A0F}.Release|x86.Build.0 = Release|Any CPU
		{6E235000-D2CA-4868-8E2D-B2167F98A5B9}.Debug|Any CPU.ActiveCfg = Debug|Any CPU
		{6E235000-D2CA-4868-8E2D-B2167F98A5B9}.Debug|Any CPU.Build.0 = Debug|Any CPU
		{6E235000-D2CA-4868-8E2D-B2167F98A5B9}.Debug|x64.ActiveCfg = Debug|Any CPU
		{6E235000-D2CA-4868-8E2D-B2167F98A5B9}.Debug|x64.Build.0 = Debug|Any CPU
		{6E235000-D2CA-4868-8E2D-B2167F98A5B9}.Debug|x86.ActiveCfg = Debug|Any CPU
		{6E235000-D2CA-4868-8E2D-B2167F98A5B9}.Debug|x86.Build.0 = Debug|Any CPU
		{6E235000-D2CA-4868-8E2D-B2167F98A5B9}.Release|Any CPU.ActiveCfg = Release|Any CPU
		{6E235000-D2CA-4868-8E2D-B2167F98A5B9}.Release|Any CPU.Build.0 = Release|Any CPU
		{6E235000-D2CA-4868-8E2D-B2167F98A5B9}.Release|x64.ActiveCfg = Release|Any CPU
		{6E235000-D2CA-4868-8E2D-B2167F98A5B9}.Release|x64.Build.0 = Release|Any CPU
		{6E235000-D2CA-4868-8E2D-B2167F98A5B9}.Release|x86.ActiveCfg = Release|Any CPU
		{6E235000-D2CA-4868-8E2D-B2167F98A5B9}.Release|x86.Build.0 = Release|Any CPU
		{C40FA81A-822A-482A-8E2A-0AAA7CADBA16}.Debug|Any CPU.ActiveCfg = Debug|Any CPU
		{C40FA81A-822A-482A-8E2A-0AAA7CADBA16}.Debug|Any CPU.Build.0 = Debug|Any CPU
		{C40FA81A-822A-482A-8E2A-0AAA7CADBA16}.Debug|x64.ActiveCfg = Debug|Any CPU
		{C40FA81A-822A-482A-8E2A-0AAA7CADBA16}.Debug|x64.Build.0 = Debug|Any CPU
		{C40FA81A-822A-482A-8E2A-0AAA7CADBA16}.Debug|x86.ActiveCfg = Debug|Any CPU
		{C40FA81A-822A-482A-8E2A-0AAA7CADBA16}.Debug|x86.Build.0 = Debug|Any CPU
		{C40FA81A-822A-482A-8E2A-0AAA7CADBA16}.Release|Any CPU.ActiveCfg = Release|Any CPU
		{C40FA81A-822A-482A-8E2A-0AAA7CADBA16}.Release|Any CPU.Build.0 = Release|Any CPU
		{C40FA81A-822A-482A-8E2A-0AAA7CADBA16}.Release|x64.ActiveCfg = Release|Any CPU
		{C40FA81A-822A-482A-8E2A-0AAA7CADBA16}.Release|x64.Build.0 = Release|Any CPU
		{C40FA81A-822A-482A-8E2A-0AAA7CADBA16}.Release|x86.ActiveCfg = Release|Any CPU
		{C40FA81A-822A-482A-8E2A-0AAA7CADBA16}.Release|x86.Build.0 = Release|Any CPU
		{3B81D0EF-F3BC-4221-92B0-C7AE4F296C8D}.Debug|Any CPU.ActiveCfg = Debug|Any CPU
		{3B81D0EF-F3BC-4221-92B0-C7AE4F296C8D}.Debug|Any CPU.Build.0 = Debug|Any CPU
		{3B81D0EF-F3BC-4221-92B0-C7AE4F296C8D}.Debug|x64.ActiveCfg = Debug|Any CPU
		{3B81D0EF-F3BC-4221-92B0-C7AE4F296C8D}.Debug|x64.Build.0 = Debug|Any CPU
		{3B81D0EF-F3BC-4221-92B0-C7AE4F296C8D}.Debug|x86.ActiveCfg = Debug|Any CPU
		{3B81D0EF-F3BC-4221-92B0-C7AE4F296C8D}.Debug|x86.Build.0 = Debug|Any CPU
		{3B81D0EF-F3BC-4221-92B0-C7AE4F296C8D}.Release|Any CPU.ActiveCfg = Release|Any CPU
		{3B81D0EF-F3BC-4221-92B0-C7AE4F296C8D}.Release|Any CPU.Build.0 = Release|Any CPU
		{3B81D0EF-F3BC-4221-92B0-C7AE4F296C8D}.Release|x64.ActiveCfg = Release|Any CPU
		{3B81D0EF-F3BC-4221-92B0-C7AE4F296C8D}.Release|x64.Build.0 = Release|Any CPU
		{3B81D0EF-F3BC-4221-92B0-C7AE4F296C8D}.Release|x86.ActiveCfg = Release|Any CPU
		{3B81D0EF-F3BC-4221-92B0-C7AE4F296C8D}.Release|x86.Build.0 = Release|Any CPU
		{84148335-C2C4-40BE-AA2A-581C2146E9C2}.Debug|Any CPU.ActiveCfg = Debug|Any CPU
		{84148335-C2C4-40BE-AA2A-581C2146E9C2}.Debug|Any CPU.Build.0 = Debug|Any CPU
		{84148335-C2C4-40BE-AA2A-581C2146E9C2}.Debug|x64.ActiveCfg = Debug|Any CPU
		{84148335-C2C4-40BE-AA2A-581C2146E9C2}.Debug|x64.Build.0 = Debug|Any CPU
		{84148335-C2C4-40BE-AA2A-581C2146E9C2}.Debug|x86.ActiveCfg = Debug|Any CPU
		{84148335-C2C4-40BE-AA2A-581C2146E9C2}.Debug|x86.Build.0 = Debug|Any CPU
		{84148335-C2C4-40BE-AA2A-581C2146E9C2}.Release|Any CPU.ActiveCfg = Release|Any CPU
		{84148335-C2C4-40BE-AA2A-581C2146E9C2}.Release|Any CPU.Build.0 = Release|Any CPU
		{84148335-C2C4-40BE-AA2A-581C2146E9C2}.Release|x64.ActiveCfg = Release|Any CPU
		{84148335-C2C4-40BE-AA2A-581C2146E9C2}.Release|x64.Build.0 = Release|Any CPU
		{84148335-C2C4-40BE-AA2A-581C2146E9C2}.Release|x86.ActiveCfg = Release|Any CPU
		{84148335-C2C4-40BE-AA2A-581C2146E9C2}.Release|x86.Build.0 = Release|Any CPU
		{36FD1508-D50F-40B5-986D-C189F31F3D88}.Debug|Any CPU.ActiveCfg = Debug|Any CPU
		{36FD1508-D50F-40B5-986D-C189F31F3D88}.Debug|Any CPU.Build.0 = Debug|Any CPU
		{36FD1508-D50F-40B5-986D-C189F31F3D88}.Debug|x64.ActiveCfg = Debug|Any CPU
		{36FD1508-D50F-40B5-986D-C189F31F3D88}.Debug|x64.Build.0 = Debug|Any CPU
		{36FD1508-D50F-40B5-986D-C189F31F3D88}.Debug|x86.ActiveCfg = Debug|Any CPU
		{36FD1508-D50F-40B5-986D-C189F31F3D88}.Debug|x86.Build.0 = Debug|Any CPU
		{36FD1508-D50F-40B5-986D-C189F31F3D88}.Release|Any CPU.ActiveCfg = Release|Any CPU
		{36FD1508-D50F-40B5-986D-C189F31F3D88}.Release|Any CPU.Build.0 = Release|Any CPU
		{36FD1508-D50F-40B5-986D-C189F31F3D88}.Release|x64.ActiveCfg = Release|Any CPU
		{36FD1508-D50F-40B5-986D-C189F31F3D88}.Release|x64.Build.0 = Release|Any CPU
		{36FD1508-D50F-40B5-986D-C189F31F3D88}.Release|x86.ActiveCfg = Release|Any CPU
		{36FD1508-D50F-40B5-986D-C189F31F3D88}.Release|x86.Build.0 = Release|Any CPU
		{B7F9CAFE-2E2E-4049-BEE8-42F836466E2B}.Debug|Any CPU.ActiveCfg = Debug|Any CPU
		{B7F9CAFE-2E2E-4049-BEE8-42F836466E2B}.Debug|Any CPU.Build.0 = Debug|Any CPU
		{B7F9CAFE-2E2E-4049-BEE8-42F836466E2B}.Debug|x64.ActiveCfg = Debug|Any CPU
		{B7F9CAFE-2E2E-4049-BEE8-42F836466E2B}.Debug|x64.Build.0 = Debug|Any CPU
		{B7F9CAFE-2E2E-4049-BEE8-42F836466E2B}.Debug|x86.ActiveCfg = Debug|Any CPU
		{B7F9CAFE-2E2E-4049-BEE8-42F836466E2B}.Debug|x86.Build.0 = Debug|Any CPU
		{B7F9CAFE-2E2E-4049-BEE8-42F836466E2B}.Release|Any CPU.ActiveCfg = Release|Any CPU
		{B7F9CAFE-2E2E-4049-BEE8-42F836466E2B}.Release|Any CPU.Build.0 = Release|Any CPU
		{B7F9CAFE-2E2E-4049-BEE8-42F836466E2B}.Release|x64.ActiveCfg = Release|Any CPU
		{B7F9CAFE-2E2E-4049-BEE8-42F836466E2B}.Release|x64.Build.0 = Release|Any CPU
		{B7F9CAFE-2E2E-4049-BEE8-42F836466E2B}.Release|x86.ActiveCfg = Release|Any CPU
		{B7F9CAFE-2E2E-4049-BEE8-42F836466E2B}.Release|x86.Build.0 = Release|Any CPU
		{B0AB14AD-A91D-43F6-A781-68359DE5BB25}.Debug|Any CPU.ActiveCfg = Debug|Any CPU
		{B0AB14AD-A91D-43F6-A781-68359DE5BB25}.Debug|Any CPU.Build.0 = Debug|Any CPU
		{B0AB14AD-A91D-43F6-A781-68359DE5BB25}.Debug|x64.ActiveCfg = Debug|Any CPU
		{B0AB14AD-A91D-43F6-A781-68359DE5BB25}.Debug|x64.Build.0 = Debug|Any CPU
		{B0AB14AD-A91D-43F6-A781-68359DE5BB25}.Debug|x86.ActiveCfg = Debug|Any CPU
		{B0AB14AD-A91D-43F6-A781-68359DE5BB25}.Debug|x86.Build.0 = Debug|Any CPU
		{B0AB14AD-A91D-43F6-A781-68359DE5BB25}.Release|Any CPU.ActiveCfg = Release|Any CPU
		{B0AB14AD-A91D-43F6-A781-68359DE5BB25}.Release|Any CPU.Build.0 = Release|Any CPU
		{B0AB14AD-A91D-43F6-A781-68359DE5BB25}.Release|x64.ActiveCfg = Release|Any CPU
		{B0AB14AD-A91D-43F6-A781-68359DE5BB25}.Release|x64.Build.0 = Release|Any CPU
		{B0AB14AD-A91D-43F6-A781-68359DE5BB25}.Release|x86.ActiveCfg = Release|Any CPU
		{B0AB14AD-A91D-43F6-A781-68359DE5BB25}.Release|x86.Build.0 = Release|Any CPU
		{843F37F2-701D-4E5E-AF31-E70CA457E26D}.Debug|Any CPU.ActiveCfg = Debug|Any CPU
		{843F37F2-701D-4E5E-AF31-E70CA457E26D}.Debug|Any CPU.Build.0 = Debug|Any CPU
		{843F37F2-701D-4E5E-AF31-E70CA457E26D}.Debug|x64.ActiveCfg = Debug|Any CPU
		{843F37F2-701D-4E5E-AF31-E70CA457E26D}.Debug|x64.Build.0 = Debug|Any CPU
		{843F37F2-701D-4E5E-AF31-E70CA457E26D}.Debug|x86.ActiveCfg = Debug|Any CPU
		{843F37F2-701D-4E5E-AF31-E70CA457E26D}.Debug|x86.Build.0 = Debug|Any CPU
		{843F37F2-701D-4E5E-AF31-E70CA457E26D}.Release|Any CPU.ActiveCfg = Release|Any CPU
		{843F37F2-701D-4E5E-AF31-E70CA457E26D}.Release|Any CPU.Build.0 = Release|Any CPU
		{843F37F2-701D-4E5E-AF31-E70CA457E26D}.Release|x64.ActiveCfg = Release|Any CPU
		{843F37F2-701D-4E5E-AF31-E70CA457E26D}.Release|x64.Build.0 = Release|Any CPU
		{843F37F2-701D-4E5E-AF31-E70CA457E26D}.Release|x86.ActiveCfg = Release|Any CPU
		{843F37F2-701D-4E5E-AF31-E70CA457E26D}.Release|x86.Build.0 = Release|Any CPU
		{D4155DFB-F2C0-4884-805D-BDF93044A99F}.Debug|Any CPU.ActiveCfg = Debug|Any CPU
		{D4155DFB-F2C0-4884-805D-BDF93044A99F}.Debug|Any CPU.Build.0 = Debug|Any CPU
		{D4155DFB-F2C0-4884-805D-BDF93044A99F}.Debug|x64.ActiveCfg = Debug|Any CPU
		{D4155DFB-F2C0-4884-805D-BDF93044A99F}.Debug|x64.Build.0 = Debug|Any CPU
		{D4155DFB-F2C0-4884-805D-BDF93044A99F}.Debug|x86.ActiveCfg = Debug|Any CPU
		{D4155DFB-F2C0-4884-805D-BDF93044A99F}.Debug|x86.Build.0 = Debug|Any CPU
		{D4155DFB-F2C0-4884-805D-BDF93044A99F}.Release|Any CPU.ActiveCfg = Release|Any CPU
		{D4155DFB-F2C0-4884-805D-BDF93044A99F}.Release|Any CPU.Build.0 = Release|Any CPU
		{D4155DFB-F2C0-4884-805D-BDF93044A99F}.Release|x64.ActiveCfg = Release|Any CPU
		{D4155DFB-F2C0-4884-805D-BDF93044A99F}.Release|x64.Build.0 = Release|Any CPU
		{D4155DFB-F2C0-4884-805D-BDF93044A99F}.Release|x86.ActiveCfg = Release|Any CPU
		{D4155DFB-F2C0-4884-805D-BDF93044A99F}.Release|x86.Build.0 = Release|Any CPU
		{AC49593A-5CF6-46BD-9877-D59173B75F8E}.Debug|Any CPU.ActiveCfg = Debug|Any CPU
		{AC49593A-5CF6-46BD-9877-D59173B75F8E}.Debug|Any CPU.Build.0 = Debug|Any CPU
		{AC49593A-5CF6-46BD-9877-D59173B75F8E}.Debug|x64.ActiveCfg = Debug|Any CPU
		{AC49593A-5CF6-46BD-9877-D59173B75F8E}.Debug|x64.Build.0 = Debug|Any CPU
		{AC49593A-5CF6-46BD-9877-D59173B75F8E}.Debug|x86.ActiveCfg = Debug|Any CPU
		{AC49593A-5CF6-46BD-9877-D59173B75F8E}.Debug|x86.Build.0 = Debug|Any CPU
		{AC49593A-5CF6-46BD-9877-D59173B75F8E}.Release|Any CPU.ActiveCfg = Release|Any CPU
		{AC49593A-5CF6-46BD-9877-D59173B75F8E}.Release|Any CPU.Build.0 = Release|Any CPU
		{AC49593A-5CF6-46BD-9877-D59173B75F8E}.Release|x64.ActiveCfg = Release|Any CPU
		{AC49593A-5CF6-46BD-9877-D59173B75F8E}.Release|x64.Build.0 = Release|Any CPU
		{AC49593A-5CF6-46BD-9877-D59173B75F8E}.Release|x86.ActiveCfg = Release|Any CPU
		{AC49593A-5CF6-46BD-9877-D59173B75F8E}.Release|x86.Build.0 = Release|Any CPU
		{A4DD152A-5E19-4410-A52D-ACA5FE996694}.Debug|Any CPU.ActiveCfg = Debug|Any CPU
		{A4DD152A-5E19-4410-A52D-ACA5FE996694}.Debug|Any CPU.Build.0 = Debug|Any CPU
		{A4DD152A-5E19-4410-A52D-ACA5FE996694}.Debug|x64.ActiveCfg = Debug|Any CPU
		{A4DD152A-5E19-4410-A52D-ACA5FE996694}.Debug|x64.Build.0 = Debug|Any CPU
		{A4DD152A-5E19-4410-A52D-ACA5FE996694}.Debug|x86.ActiveCfg = Debug|Any CPU
		{A4DD152A-5E19-4410-A52D-ACA5FE996694}.Debug|x86.Build.0 = Debug|Any CPU
		{A4DD152A-5E19-4410-A52D-ACA5FE996694}.Release|Any CPU.ActiveCfg = Release|Any CPU
		{A4DD152A-5E19-4410-A52D-ACA5FE996694}.Release|Any CPU.Build.0 = Release|Any CPU
		{A4DD152A-5E19-4410-A52D-ACA5FE996694}.Release|x64.ActiveCfg = Release|Any CPU
		{A4DD152A-5E19-4410-A52D-ACA5FE996694}.Release|x64.Build.0 = Release|Any CPU
		{A4DD152A-5E19-4410-A52D-ACA5FE996694}.Release|x86.ActiveCfg = Release|Any CPU
		{A4DD152A-5E19-4410-A52D-ACA5FE996694}.Release|x86.Build.0 = Release|Any CPU
	EndGlobalSection
	GlobalSection(SolutionProperties) = preSolution
		HideSolutionNode = FALSE
	EndGlobalSection
	GlobalSection(NestedProjects) = preSolution
		{984BB9B3-3FA3-BE33-9484-CAC21695A33C} = {827E0CD3-B72D-47B6-A68D-7590B98EB39B}
		{E19C77F4-0114-A26A-3F6E-A6CDC9D84385} = {984BB9B3-3FA3-BE33-9484-CAC21695A33C}
		{10B7FA34-6399-4DA9-B1F3-13701F34D00E} = {E19C77F4-0114-A26A-3F6E-A6CDC9D84385}
		{CEA09484-30F6-4D44-02F6-822E06DBC57C} = {827E0CD3-B72D-47B6-A68D-7590B98EB39B}
		{473EF3C4-73FA-6715-AA3C-7C7929374EED} = {984BB9B3-3FA3-BE33-9484-CAC21695A33C}
		{38AF1158-918A-48E9-9EEE-B51D43BD8A0F} = {473EF3C4-73FA-6715-AA3C-7C7929374EED}
		{6E235000-D2CA-4868-8E2D-B2167F98A5B9} = {473EF3C4-73FA-6715-AA3C-7C7929374EED}
		{C40FA81A-822A-482A-8E2A-0AAA7CADBA16} = {473EF3C4-73FA-6715-AA3C-7C7929374EED}
		{999BD973-5FAD-8440-9309-B222C27D99D8} = {CEA09484-30F6-4D44-02F6-822E06DBC57C}
		{84148335-C2C4-40BE-AA2A-581C2146E9C2} = {E19C77F4-0114-A26A-3F6E-A6CDC9D84385}
		{36FD1508-D50F-40B5-986D-C189F31F3D88} = {473EF3C4-73FA-6715-AA3C-7C7929374EED}
		{7EDBFA35-7749-6C55-CDEA-A4C794162D30} = {984BB9B3-3FA3-BE33-9484-CAC21695A33C}
		{B7F9CAFE-2E2E-4049-BEE8-42F836466E2B} = {7EDBFA35-7749-6C55-CDEA-A4C794162D30}
		{B0AB14AD-A91D-43F6-A781-68359DE5BB25} = {7EDBFA35-7749-6C55-CDEA-A4C794162D30}
		{843F37F2-701D-4E5E-AF31-E70CA457E26D} = {7EDBFA35-7749-6C55-CDEA-A4C794162D30}
		{D4155DFB-F2C0-4884-805D-BDF93044A99F} = {7EDBFA35-7749-6C55-CDEA-A4C794162D30}
		{56CA4A40-DB8D-8551-1A79-F8C91A885F43} = {CEA09484-30F6-4D44-02F6-822E06DBC57C}
		{AC49593A-5CF6-46BD-9877-D59173B75F8E} = {56CA4A40-DB8D-8551-1A79-F8C91A885F43}
		{A4DD152A-5E19-4410-A52D-ACA5FE996694} = {56CA4A40-DB8D-8551-1A79-F8C91A885F43}
	EndGlobalSection
EndGlobal
